[root]
name = "examples"
version = "0.0.1"
dependencies = [
 "rust-windows 0.0.1",
 "winapi 0.1.2 (registry+https://github.com/rust-lang/crates.io-index)",
]

[[package]]
name = "gdi32-sys"
version = "0.0.2"
source = "registry+https://github.com/rust-lang/crates.io-index"
dependencies = [
 "winapi 0.1.2 (registry+https://github.com/rust-lang/crates.io-index)",
]

[[package]]
name = "kernel32-sys"
version = "0.0.3"
source = "registry+https://github.com/rust-lang/crates.io-index"
dependencies = [
 "winapi 0.1.2 (registry+https://github.com/rust-lang/crates.io-index)",
]

[[package]]
name = "rust-windows"
version = "0.0.1"
dependencies = [
 "gdi32-sys 0.0.2 (registry+https://github.com/rust-lang/crates.io-index)",
 "kernel32-sys 0.0.3 (registry+https://github.com/rust-lang/crates.io-index)",
 "user32-sys 0.0.2 (registry+https://github.com/rust-lang/crates.io-index)",
 "winapi 0.1.2 (registry+https://github.com/rust-lang/crates.io-index)",
]

[[package]]
name = "user32-sys"
version = "0.0.2"
source = "registry+https://github.com/rust-lang/crates.io-index"
dependencies = [
 "winapi 0.1.2 (registry+https://github.com/rust-lang/crates.io-index)",
]

[[package]]
name = "winapi"
version = "0.1.2"
source = "registry+https://github.com/rust-lang/crates.io-index"

